{
  "name": "mielina-basic-console-nlp",
  "version": "1.0.0",
  "lockfileVersion": 1,
  "requires": true,
  "dependencies": {
    "@mielina/adapter-console": {
      "version": "file:../../packages/adapter-console",
      "requires": {
        "@mielina/base-servers": "^1.0.0",
        "discord.js": "^11.4.2",
        "rxjs": "^6.4.0",
        "rxjs-compat": "^6.4.0",
        "uniquid": "^1.1.4"
      }
    },
    "@mielina/base-servers": {
      "version": "file:../../packages/base-servers",
      "requires": {
        "body-parser": "^1.18.2",
        "express": "^4.16.3",
        "mongoose": "^5.1.0",
        "morgan": "^1.9.0",
        "socket.io": "^2.1.0"
      }
    },
    "@mielina/core": {
      "version": "file:../../packages/core",
      "requires": {
        "immutable": "^4.0.0-rc.12",
        "rxjs": "^6.4.0",
        "rxjs-compat": "^6.4.0",
        "uuid": "^3.3.2"
      }
    },
    "@mielina/nlp-apiai": {
      "version": "file:../../packages/nlp-apiai",
      "requires": {
        "apiai": "^4.0.3",
        "request": "^2.87.0",
        "request-promise-native": "^1.0.5"
      }
    },
    "dotenv": {
      "version": "6.2.0",
      "resolved": "https://registry.npmjs.org/dotenv/-/dotenv-6.2.0.tgz",
      "integrity": "sha512-HygQCKUBSFl8wKQZBSemMywRWcEDNidvNbjGVyZu3nbZ8qq9ubiPoGLMdRDpfSrpkkm9BXYFkpKxxFX38o/76w=="
    },
    "dotenv-safe": {
      "version": "6.1.0",
      "resolved": "https://registry.npmjs.org/dotenv-safe/-/dotenv-safe-6.1.0.tgz",
      "integrity": "sha512-O02OUTS+XmoRNZR4kRjJ9jlUGvQoXpMeTVVEBc8hUtgvPTgVZpsZH7TOocq4RVDpPrs2xGPwj6gIWjqRX+ErHA==",
      "requires": {
        "dotenv": "^6.1.0"
      }
    }
  }
}
