{
	"requires": true,
	"lockfileVersion": 1,
	"dependencies": {
		"clone": {
			"version": "2.1.1",
			"resolved": "https://registry.npmjs.org/clone/-/clone-2.1.1.tgz",
			"integrity": "sha1-0hfR6WERjjrJpLi7oyhVU79kfNs="
		},
		"lodash": {
			"version": "4.17.10",
			"resolved": "https://registry.npmjs.org/lodash/-/lodash-4.17.10.tgz",
			"integrity": "sha512-UejweD1pDoXu+AD825lWwp4ZGtSwgnpZxb3JDViD7StjQz+Nb/6l093lx4OQ0foGWNRoc19mWy7BzL+UAK2iVg=="
		},
		"node-cache": {
			"version": "4.2.0",
			"resolved": "https://registry.npmjs.org/node-cache/-/node-cache-4.2.0.tgz",
			"integrity": "sha512-obRu6/f7S024ysheAjoYFEEBqqDWv4LOMNJEuO8vMeEw2AT4z+NCzO4hlc2lhI4vATzbCQv6kke9FVdx0RbCOw==",
			"requires": {
				"clone": "2.x",
				"lodash": "4.x"
			}
		}
	}
}
